// !$*UTF8*$!
{
	archiveVersion = 1;
	classes = {
	};
	objectVersion = 56;
	objects = {

/* Begin PBXBuildFile section */
		8918D7EC2AED96ED00ACF62C /* ProfileView.swift in Sources */ = {isa = PBXBuildFile; fileRef = 8918D7EB2AED96ED00ACF62C /* ProfileView.swift */; };
		893503672AC9AEA900166800 /* TokenInput.swift in Sources */ = {isa = PBXBuildFile; fileRef = 893503662AC9AEA900166800 /* TokenInput.swift */; };
		89912F1D2AC8ABC900420E18 /* PSN_Time_TrackerApp.swift in Sources */ = {isa = PBXBuildFile; fileRef = 89912F1C2AC8ABC900420E18 /* PSN_Time_TrackerApp.swift */; };
		89912F1F2AC8ABC900420E18 /* ContentView.swift in Sources */ = {isa = PBXBuildFile; fileRef = 89912F1E2AC8ABC900420E18 /* ContentView.swift */; };
		89912F212AC8ABCA00420E18 /* Assets.xcassets in Resources */ = {isa = PBXBuildFile; fileRef = 89912F202AC8ABCA00420E18 /* Assets.xcassets */; };
		89912F242AC8ABCA00420E18 /* Preview Assets.xcassets in Resources */ = {isa = PBXBuildFile; fileRef = 89912F232AC8ABCA00420E18 /* Preview Assets.xcassets */; };
		89912F2C2AC8AD7600420E18 /* Game.swift in Sources */ = {isa = PBXBuildFile; fileRef = 89912F2B2AC8AD7600420E18 /* Game.swift */; };
		89912F2F2AC8AECA00420E18 /* GameCard.swift in Sources */ = {isa = PBXBuildFile; fileRef = 89912F2E2AC8AECA00420E18 /* GameCard.swift */; };
		89912F322AC8B53B00420E18 /* GameList.swift in Sources */ = {isa = PBXBuildFile; fileRef = 89912F312AC8B53B00420E18 /* GameList.swift */; };
		89912F342AC8B66400420E18 /* GamesData.swift in Sources */ = {isa = PBXBuildFile; fileRef = 89912F332AC8B66400420E18 /* GamesData.swift */; };
		89912F362AC8B70400420E18 /* APIHelper.swift in Sources */ = {isa = PBXBuildFile; fileRef = 89912F352AC8B70400420E18 /* APIHelper.swift */; };
		89912F382AC8BC1300420E18 /* GamesPage.swift in Sources */ = {isa = PBXBuildFile; fileRef = 89912F372AC8BC1300420E18 /* GamesPage.swift */; };
		89912F3C2AC8DAE200420E18 /* GameTitle.swift in Sources */ = {isa = PBXBuildFile; fileRef = 89912F3B2AC8DAE200420E18 /* GameTitle.swift */; };
		89912F3E2AC8DD7400420E18 /* ProfileData.swift in Sources */ = {isa = PBXBuildFile; fileRef = 89912F3D2AC8DD7400420E18 /* ProfileData.swift */; };
		89912F402AC8DD9A00420E18 /* Profile.swift in Sources */ = {isa = PBXBuildFile; fileRef = 89912F3F2AC8DD9A00420E18 /* Profile.swift */; };
		89912F422AC8E1A900420E18 /* TrophyInfo.swift in Sources */ = {isa = PBXBuildFile; fileRef = 89912F412AC8E1A900420E18 /* TrophyInfo.swift */; };
		89912F442AC8E2BB00420E18 /* CircularProgressView.swift in Sources */ = {isa = PBXBuildFile; fileRef = 89912F432AC8E2BB00420E18 /* CircularProgressView.swift */; };
		89912F462AC8E4B800420E18 /* Trophy.swift in Sources */ = {isa = PBXBuildFile; fileRef = 89912F452AC8E4B800420E18 /* Trophy.swift */; };
		89912F482AC8E77100420E18 /* TrophyGroup.swift in Sources */ = {isa = PBXBuildFile; fileRef = 89912F472AC8E77100420E18 /* TrophyGroup.swift */; };
		89912F4A2AC8E80B00420E18 /* TrophyGroupData.swift in Sources */ = {isa = PBXBuildFile; fileRef = 89912F492AC8E80B00420E18 /* TrophyGroupData.swift */; };
		89912F4C2AC8E92600420E18 /* TrophyGroupsList.swift in Sources */ = {isa = PBXBuildFile; fileRef = 89912F4B2AC8E92600420E18 /* TrophyGroupsList.swift */; };
		89912F4E2AC8E9CA00420E18 /* TrophyGroupRow.swift in Sources */ = {isa = PBXBuildFile; fileRef = 89912F4D2AC8E9CA00420E18 /* TrophyGroupRow.swift */; };
		89912F502AC8EABD00420E18 /* TrophyGroupsPage.swift in Sources */ = {isa = PBXBuildFile; fileRef = 89912F4F2AC8EABD00420E18 /* TrophyGroupsPage.swift */; };
		89912F522AC8EF7700420E18 /* TrophiesList.swift in Sources */ = {isa = PBXBuildFile; fileRef = 89912F512AC8EF7700420E18 /* TrophiesList.swift */; };
		89912F542AC8EFE000420E18 /* TrophyRow.swift in Sources */ = {isa = PBXBuildFile; fileRef = 89912F532AC8EFE000420E18 /* TrophyRow.swift */; };
		89912F562AC8F17300420E18 /* TrophiesPage.swift in Sources */ = {isa = PBXBuildFile; fileRef = 89912F552AC8F17300420E18 /* TrophiesPage.swift */; };
		89912F582AC8F27E00420E18 /* TrophyData.swift in Sources */ = {isa = PBXBuildFile; fileRef = 89912F572AC8F27E00420E18 /* TrophyData.swift */; };
		89DC8B982AC9C7540001603F /* AuthHelper.swift in Sources */ = {isa = PBXBuildFile; fileRef = 89DC8B972AC9C7540001603F /* AuthHelper.swift */; };
/* End PBXBuildFile section */

/* Begin PBXFileReference section */
		8918D7EB2AED96ED00ACF62C /* ProfileView.swift */ = {isa = PBXFileReference; lastKnownFileType = sourcecode.swift; path = ProfileView.swift; sourceTree = "<group>"; };
		893503662AC9AEA900166800 /* TokenInput.swift */ = {isa = PBXFileReference; lastKnownFileType = sourcecode.swift; path = TokenInput.swift; sourceTree = "<group>"; };
		89912F192AC8ABC900420E18 /* PSN Time Tracker.app */ = {isa = PBXFileReference; explicitFileType = wrapper.application; includeInIndex = 0; path = "PSN Time Tracker.app"; sourceTree = BUILT_PRODUCTS_DIR; };
		89912F1C2AC8ABC900420E18 /* PSN_Time_TrackerApp.swift */ = {isa = PBXFileReference; lastKnownFileType = sourcecode.swift; path = PSN_Time_TrackerApp.swift; sourceTree = "<group>"; };
		89912F1E2AC8ABC900420E18 /* ContentView.swift */ = {isa = PBXFileReference; lastKnownFileType = sourcecode.swift; path = ContentView.swift; sourceTree = "<group>"; };
		89912F202AC8ABCA00420E18 /* Assets.xcassets */ = {isa = PBXFileReference; lastKnownFileType = folder.assetcatalog; path = Assets.xcassets; sourceTree = "<group>"; };
		89912F232AC8ABCA00420E18 /* Preview Assets.xcassets */ = {isa = PBXFileReference; lastKnownFileType = folder.assetcatalog; path = "Preview Assets.xcassets"; sourceTree = "<group>"; };
		89912F2B2AC8AD7600420E18 /* Game.swift */ = {isa = PBXFileReference; lastKnownFileType = sourcecode.swift; path = Game.swift; sourceTree = "<group>"; };
		89912F2E2AC8AECA00420E18 /* GameCard.swift */ = {isa = PBXFileReference; lastKnownFileType = sourcecode.swift; path = GameCard.swift; sourceTree = "<group>"; };
		89912F312AC8B53B00420E18 /* GameList.swift */ = {isa = PBXFileReference; lastKnownFileType = sourcecode.swift; path = GameList.swift; sourceTree = "<group>"; };
		89912F332AC8B66400420E18 /* GamesData.swift */ = {isa = PBXFileReference; lastKnownFileType = sourcecode.swift; path = GamesData.swift; sourceTree = "<group>"; };
		89912F352AC8B70400420E18 /* APIHelper.swift */ = {isa = PBXFileReference; lastKnownFileType = sourcecode.swift; path = APIHelper.swift; sourceTree = "<group>"; };
		89912F372AC8BC1300420E18 /* GamesPage.swift */ = {isa = PBXFileReference; lastKnownFileType = sourcecode.swift; path = GamesPage.swift; sourceTree = "<group>"; };
		89912F3B2AC8DAE200420E18 /* GameTitle.swift */ = {isa = PBXFileReference; lastKnownFileType = sourcecode.swift; path = GameTitle.swift; sourceTree = "<group>"; };
		89912F3D2AC8DD7400420E18 /* ProfileData.swift */ = {isa = PBXFileReference; lastKnownFileType = sourcecode.swift; path = ProfileData.swift; sourceTree = "<group>"; };
		89912F3F2AC8DD9A00420E18 /* Profile.swift */ = {isa = PBXFileReference; lastKnownFileType = sourcecode.swift; path = Profile.swift; sourceTree = "<group>"; };
		89912F412AC8E1A900420E18 /* TrophyInfo.swift */ = {isa = PBXFileReference; lastKnownFileType = sourcecode.swift; path = TrophyInfo.swift; sourceTree = "<group>"; };
		89912F432AC8E2BB00420E18 /* CircularProgressView.swift */ = {isa = PBXFileReference; lastKnownFileType = sourcecode.swift; path = CircularProgressView.swift; sourceTree = "<group>"; };
		89912F452AC8E4B800420E18 /* Trophy.swift */ = {isa = PBXFileReference; lastKnownFileType = sourcecode.swift; path = Trophy.swift; sourceTree = "<group>"; };
		89912F472AC8E77100420E18 /* TrophyGroup.swift */ = {isa = PBXFileReference; lastKnownFileType = sourcecode.swift; path = TrophyGroup.swift; sourceTree = "<group>"; };
		89912F492AC8E80B00420E18 /* TrophyGroupData.swift */ = {isa = PBXFileReference; lastKnownFileType = sourcecode.swift; path = TrophyGroupData.swift; sourceTree = "<group>"; };
		89912F4B2AC8E92600420E18 /* TrophyGroupsList.swift */ = {isa = PBXFileReference; lastKnownFileType = sourcecode.swift; path = TrophyGroupsList.swift; sourceTree = "<group>"; };
		89912F4D2AC8E9CA00420E18 /* TrophyGroupRow.swift */ = {isa = PBXFileReference; lastKnownFileType = sourcecode.swift; path = TrophyGroupRow.swift; sourceTree = "<group>"; };
		89912F4F2AC8EABD00420E18 /* TrophyGroupsPage.swift */ = {isa = PBXFileReference; lastKnownFileType = sourcecode.swift; path = TrophyGroupsPage.swift; sourceTree = "<group>"; };
		89912F512AC8EF7700420E18 /* TrophiesList.swift */ = {isa = PBXFileReference; lastKnownFileType = sourcecode.swift; path = TrophiesList.swift; sourceTree = "<group>"; };
		89912F532AC8EFE000420E18 /* TrophyRow.swift */ = {isa = PBXFileReference; lastKnownFileType = sourcecode.swift; path = TrophyRow.swift; sourceTree = "<group>"; };
		89912F552AC8F17300420E18 /* TrophiesPage.swift */ = {isa = PBXFileReference; lastKnownFileType = sourcecode.swift; path = TrophiesPage.swift; sourceTree = "<group>"; };
		89912F572AC8F27E00420E18 /* TrophyData.swift */ = {isa = PBXFileReference; lastKnownFileType = sourcecode.swift; path = TrophyData.swift; sourceTree = "<group>"; };
		89DC8B972AC9C7540001603F /* AuthHelper.swift */ = {isa = PBXFileReference; lastKnownFileType = sourcecode.swift; path = AuthHelper.swift; sourceTree = "<group>"; };
/* End PBXFileReference section */

/* Begin PBXFrameworksBuildPhase section */
		89912F162AC8ABC800420E18 /* Frameworks */ = {
			isa = PBXFrameworksBuildPhase;
			buildActionMask = 2147483647;
			files = (
			);
			runOnlyForDeploymentPostprocessing = 0;
		};
/* End PBXFrameworksBuildPhase section */

/* Begin PBXGroup section */
		8918D7EA2AED96E200ACF62C /* Profile */ = {
			isa = PBXGroup;
			children = (
				8918D7EB2AED96ED00ACF62C /* ProfileView.swift */,
			);
			path = Profile;
			sourceTree = "<group>";
		};
		89912F102AC8ABC800420E18 = {
			isa = PBXGroup;
			children = (
				89912F1B2AC8ABC900420E18 /* PSN Time Tracker */,
				89912F1A2AC8ABC900420E18 /* Products */,
			);
			sourceTree = "<group>";
		};
		89912F1A2AC8ABC900420E18 /* Products */ = {
			isa = PBXGroup;
			children = (
				89912F192AC8ABC900420E18 /* PSN Time Tracker.app */,
			);
			name = Products;
			sourceTree = "<group>";
		};
		89912F1B2AC8ABC900420E18 /* PSN Time Tracker */ = {
			isa = PBXGroup;
			children = (
				89912F2D2AC8AEB500420E18 /* Views */,
				89912F2A2AC8AD5500420E18 /* Models */,
				89912F1C2AC8ABC900420E18 /* PSN_Time_TrackerApp.swift */,
				89912F1E2AC8ABC900420E18 /* ContentView.swift */,
				89912F202AC8ABCA00420E18 /* Assets.xcassets */,
				89912F222AC8ABCA00420E18 /* Preview Content */,
			);
			path = "PSN Time Tracker";
			sourceTree = "<group>";
		};
		89912F222AC8ABCA00420E18 /* Preview Content */ = {
			isa = PBXGroup;
			children = (
				89912F232AC8ABCA00420E18 /* Preview Assets.xcassets */,
			);
			path = "Preview Content";
			sourceTree = "<group>";
		};
		89912F2A2AC8AD5500420E18 /* Models */ = {
			isa = PBXGroup;
			children = (
				89912F2B2AC8AD7600420E18 /* Game.swift */,
				89912F332AC8B66400420E18 /* GamesData.swift */,
				89912F352AC8B70400420E18 /* APIHelper.swift */,
				89912F3D2AC8DD7400420E18 /* ProfileData.swift */,
				89912F3F2AC8DD9A00420E18 /* Profile.swift */,
				89912F452AC8E4B800420E18 /* Trophy.swift */,
				89912F472AC8E77100420E18 /* TrophyGroup.swift */,
				89912F492AC8E80B00420E18 /* TrophyGroupData.swift */,
				89912F572AC8F27E00420E18 /* TrophyData.swift */,
				89DC8B972AC9C7540001603F /* AuthHelper.swift */,
			);
			path = Models;
			sourceTree = "<group>";
		};
		89912F2D2AC8AEB500420E18 /* Views */ = {
			isa = PBXGroup;
			children = (
				8918D7EA2AED96E200ACF62C /* Profile */,
				89912F392AC8DA9D00420E18 /* Games */,
			);
			path = Views;
			sourceTree = "<group>";
		};
		89912F392AC8DA9D00420E18 /* Games */ = {
			isa = PBXGroup;
			children = (
				89912F3B2AC8DAE200420E18 /* GameTitle.swift */,
				89912F2E2AC8AECA00420E18 /* GameCard.swift */,
				89912F312AC8B53B00420E18 /* GameList.swift */,
				89912F372AC8BC1300420E18 /* GamesPage.swift */,
				89912F412AC8E1A900420E18 /* TrophyInfo.swift */,
				89912F432AC8E2BB00420E18 /* CircularProgressView.swift */,
				89912F4B2AC8E92600420E18 /* TrophyGroupsList.swift */,
				89912F4D2AC8E9CA00420E18 /* TrophyGroupRow.swift */,
				89912F4F2AC8EABD00420E18 /* TrophyGroupsPage.swift */,
				89912F512AC8EF7700420E18 /* TrophiesList.swift */,
				89912F532AC8EFE000420E18 /* TrophyRow.swift */,
				89912F552AC8F17300420E18 /* TrophiesPage.swift */,
				893503662AC9AEA900166800 /* TokenInput.swift */,
			);
			path = Games;
			sourceTree = "<group>";
		};
/* End PBXGroup section */

/* Begin PBXNativeTarget section */
		89912F182AC8ABC800420E18 /* PSN Time Tracker */ = {
			isa = PBXNativeTarget;
			buildConfigurationList = 89912F272AC8ABCA00420E18 /* Build configuration list for PBXNativeTarget "PSN Time Tracker" */;
			buildPhases = (
				89912F152AC8ABC800420E18 /* Sources */,
				89912F162AC8ABC800420E18 /* Frameworks */,
				89912F172AC8ABC800420E18 /* Resources */,
			);
			buildRules = (
			);
			dependencies = (
			);
			name = "PSN Time Tracker";
			productName = "PSN Time Tracker";
			productReference = 89912F192AC8ABC900420E18 /* PSN Time Tracker.app */;
			productType = "com.apple.product-type.application";
		};
/* End PBXNativeTarget section */

/* Begin PBXProject section */
		89912F112AC8ABC800420E18 /* Project object */ = {
			isa = PBXProject;
			attributes = {
				BuildIndependentTargetsInParallel = 1;
				LastSwiftUpdateCheck = 1500;
				LastUpgradeCheck = 1500;
				TargetAttributes = {
					89912F182AC8ABC800420E18 = {
						CreatedOnToolsVersion = 15.0;
					};
				};
			};
			buildConfigurationList = 89912F142AC8ABC800420E18 /* Build configuration list for PBXProject "PSN Time Tracker" */;
			compatibilityVersion = "Xcode 14.0";
			developmentRegion = en;
			hasScannedForEncodings = 0;
			knownRegions = (
				en,
				Base,
			);
			mainGroup = 89912F102AC8ABC800420E18;
			productRefGroup = 89912F1A2AC8ABC900420E18 /* Products */;
			projectDirPath = "";
			projectRoot = "";
			targets = (
				89912F182AC8ABC800420E18 /* PSN Time Tracker */,
			);
		};
/* End PBXProject section */

/* Begin PBXResourcesBuildPhase section */
		89912F172AC8ABC800420E18 /* Resources */ = {
			isa = PBXResourcesBuildPhase;
			buildActionMask = 2147483647;
			files = (
				89912F242AC8ABCA00420E18 /* Preview Assets.xcassets in Resources */,
				89912F212AC8ABCA00420E18 /* Assets.xcassets in Resources */,
			);
			runOnlyForDeploymentPostprocessing = 0;
		};
/* End PBXResourcesBuildPhase section */

/* Begin PBXSourcesBuildPhase section */
		89912F152AC8ABC800420E18 /* Sources */ = {
			isa = PBXSourcesBuildPhase;
			buildActionMask = 2147483647;
			files = (
				89912F362AC8B70400420E18 /* APIHelper.swift in Sources */,
				89912F1F2AC8ABC900420E18 /* ContentView.swift in Sources */,
				89912F2F2AC8AECA00420E18 /* GameCard.swift in Sources */,
				89912F482AC8E77100420E18 /* TrophyGroup.swift in Sources */,
				89912F3E2AC8DD7400420E18 /* ProfileData.swift in Sources */,
				89912F502AC8EABD00420E18 /* TrophyGroupsPage.swift in Sources */,
				89912F322AC8B53B00420E18 /* GameList.swift in Sources */,
				89DC8B982AC9C7540001603F /* AuthHelper.swift in Sources */,
				89912F422AC8E1A900420E18 /* TrophyInfo.swift in Sources */,
				89912F382AC8BC1300420E18 /* GamesPage.swift in Sources */,
				89912F542AC8EFE000420E18 /* TrophyRow.swift in Sources */,
				89912F3C2AC8DAE200420E18 /* GameTitle.swift in Sources */,
				89912F582AC8F27E00420E18 /* TrophyData.swift in Sources */,
				89912F2C2AC8AD7600420E18 /* Game.swift in Sources */,
				8918D7EC2AED96ED00ACF62C /* ProfileView.swift in Sources */,
				89912F462AC8E4B800420E18 /* Trophy.swift in Sources */,
				89912F402AC8DD9A00420E18 /* Profile.swift in Sources */,
				89912F1D2AC8ABC900420E18 /* PSN_Time_TrackerApp.swift in Sources */,
				89912F4A2AC8E80B00420E18 /* TrophyGroupData.swift in Sources */,
				89912F562AC8F17300420E18 /* TrophiesPage.swift in Sources */,
				89912F522AC8EF7700420E18 /* TrophiesList.swift in Sources */,
				89912F4E2AC8E9CA00420E18 /* TrophyGroupRow.swift in Sources */,
				893503672AC9AEA900166800 /* TokenInput.swift in Sources */,
				89912F442AC8E2BB00420E18 /* CircularProgressView.swift in Sources */,
				89912F4C2AC8E92600420E18 /* TrophyGroupsList.swift in Sources */,
				89912F342AC8B66400420E18 /* GamesData.swift in Sources */,
			);
			runOnlyForDeploymentPostprocessing = 0;
		};
/* End PBXSourcesBuildPhase section */

/* Begin XCBuildConfiguration section */
		89912F252AC8ABCA00420E18 /* Debug */ = {
			isa = XCBuildConfiguration;
			buildSettings = {
				ALWAYS_SEARCH_USER_PATHS = NO;
				ASSETCATALOG_COMPILER_GENERATE_SWIFT_ASSET_SYMBOL_EXTENSIONS = YES;
				CLANG_ANALYZER_NONNULL = YES;
				CLANG_ANALYZER_NUMBER_OBJECT_CONVERSION = YES_AGGRESSIVE;
				CLANG_CXX_LANGUAGE_STANDARD = "gnu++20";
				CLANG_ENABLE_MODULES = YES;
				CLANG_ENABLE_OBJC_ARC = YES;
				CLANG_ENABLE_OBJC_WEAK = YES;
				CLANG_WARN_BLOCK_CAPTURE_AUTORELEASING = YES;
				CLANG_WARN_BOOL_CONVERSION = YES;
				CLANG_WARN_COMMA = YES;
				CLANG_WARN_CONSTANT_CONVERSION = YES;
				CLANG_WARN_DEPRECATED_OBJC_IMPLEMENTATIONS = YES;
				CLANG_WARN_DIRECT_OBJC_ISA_USAGE = YES_ERROR;
				CLANG_WARN_DOCUMENTATION_COMMENTS = YES;
				CLANG_WARN_EMPTY_BODY = YES;
				CLANG_WARN_ENUM_CONVERSION = YES;
				CLANG_WARN_INFINITE_RECURSION = YES;
				CLANG_WARN_INT_CONVERSION = YES;
				CLANG_WARN_NON_LITERAL_NULL_CONVERSION = YES;
				CLANG_WARN_OBJC_IMPLICIT_RETAIN_SELF = YES;
				CLANG_WARN_OBJC_LITERAL_CONVERSION = YES;
				CLANG_WARN_OBJC_ROOT_CLASS = YES_ERROR;
				CLANG_WARN_QUOTED_INCLUDE_IN_FRAMEWORK_HEADER = YES;
				CLANG_WARN_RANGE_LOOP_ANALYSIS = YES;
				CLANG_WARN_STRICT_PROTOTYPES = YES;
				CLANG_WARN_SUSPICIOUS_MOVE = YES;
				CLANG_WARN_UNGUARDED_AVAILABILITY = YES_AGGRESSIVE;
				CLANG_WARN_UNREACHABLE_CODE = YES;
				CLANG_WARN__DUPLICATE_METHOD_MATCH = YES;
				COPY_PHASE_STRIP = NO;
				DEBUG_INFORMATION_FORMAT = dwarf;
				ENABLE_STRICT_OBJC_MSGSEND = YES;
				ENABLE_TESTABILITY = YES;
				ENABLE_USER_SCRIPT_SANDBOXING = YES;
				GCC_C_LANGUAGE_STANDARD = gnu17;
				GCC_DYNAMIC_NO_PIC = NO;
				GCC_NO_COMMON_BLOCKS = YES;
				GCC_OPTIMIZATION_LEVEL = 0;
				GCC_PREPROCESSOR_DEFINITIONS = (
					"DEBUG=1",
					"$(inherited)",
				);
				GCC_WARN_64_TO_32_BIT_CONVERSION = YES;
				GCC_WARN_ABOUT_RETURN_TYPE = YES_ERROR;
				GCC_WARN_UNDECLARED_SELECTOR = YES;
				GCC_WARN_UNINITIALIZED_AUTOS = YES_AGGRESSIVE;
				GCC_WARN_UNUSED_FUNCTION = YES;
				GCC_WARN_UNUSED_VARIABLE = YES;
				IPHONEOS_DEPLOYMENT_TARGET = 17.0;
				LOCALIZATION_PREFERS_STRING_CATALOGS = YES;
				MTL_ENABLE_DEBUG_INFO = INCLUDE_SOURCE;
				MTL_FAST_MATH = YES;
				ONLY_ACTIVE_ARCH = YES;
				SDKROOT = iphoneos;
				SWIFT_ACTIVE_COMPILATION_CONDITIONS = "DEBUG $(inherited)";
				SWIFT_OPTIMIZATION_LEVEL = "-Onone";
			};
			name = Debug;
		};
		89912F262AC8ABCA00420E18 /* Release */ = {
			isa = XCBuildConfiguration;
			buildSettings = {
				ALWAYS_SEARCH_USER_PATHS = NO;
				ASSETCATALOG_COMPILER_GENERATE_SWIFT_ASSET_SYMBOL_EXTENSIONS = YES;
				CLANG_ANALYZER_NONNULL = YES;
				CLANG_ANALYZER_NUMBER_OBJECT_CONVERSION = YES_AGGRESSIVE;
				CLANG_CXX_LANGUAGE_STANDARD = "gnu++20";
				CLANG_ENABLE_MODULES = YES;
				CLANG_ENABLE_OBJC_ARC = YES;
				CLANG_ENABLE_OBJC_WEAK = YES;
				CLANG_WARN_BLOCK_CAPTURE_AUTORELEASING = YES;
				CLANG_WARN_BOOL_CONVERSION = YES;
				CLANG_WARN_COMMA = YES;
				CLANG_WARN_CONSTANT_CONVERSION = YES;
				CLANG_WARN_DEPRECATED_OBJC_IMPLEMENTATIONS = YES;
				CLANG_WARN_DIRECT_OBJC_ISA_USAGE = YES_ERROR;
				CLANG_WARN_DOCUMENTATION_COMMENTS = YES;
				CLANG_WARN_EMPTY_BODY = YES;
				CLANG_WARN_ENUM_CONVERSION = YES;
				CLANG_WARN_INFINITE_RECURSION = YES;
				CLANG_WARN_INT_CONVERSION = YES;
				CLANG_WARN_NON_LITERAL_NULL_CONVERSION = YES;
				CLANG_WARN_OBJC_IMPLICIT_RETAIN_SELF = YES;
				CLANG_WARN_OBJC_LITERAL_CONVERSION = YES;
				CLANG_WARN_OBJC_ROOT_CLASS = YES_ERROR;
				CLANG_WARN_QUOTED_INCLUDE_IN_FRAMEWORK_HEADER = YES;
				CLANG_WARN_RANGE_LOOP_ANALYSIS = YES;
				CLANG_WARN_STRICT_PROTOTYPES = YES;
				CLANG_WARN_SUSPICIOUS_MOVE = YES;
				CLANG_WARN_UNGUARDED_AVAILABILITY = YES_AGGRESSIVE;
				CLANG_WARN_UNREACHABLE_CODE = YES;
				CLANG_WARN__DUPLICATE_METHOD_MATCH = YES;
				COPY_PHASE_STRIP = NO;
				DEBUG_INFORMATION_FORMAT = "dwarf-with-dsym";
				ENABLE_NS_ASSERTIONS = NO;
				ENABLE_STRICT_OBJC_MSGSEND = YES;
				ENABLE_USER_SCRIPT_SANDBOXING = YES;
				GCC_C_LANGUAGE_STANDARD = gnu17;
				GCC_NO_COMMON_BLOCKS = YES;
				GCC_WARN_64_TO_32_BIT_CONVERSION = YES;
				GCC_WARN_ABOUT_RETURN_TYPE = YES_ERROR;
				GCC_WARN_UNDECLARED_SELECTOR = YES;
				GCC_WARN_UNINITIALIZED_AUTOS = YES_AGGRESSIVE;
				GCC_WARN_UNUSED_FUNCTION = YES;
				GCC_WARN_UNUSED_VARIABLE = YES;
				IPHONEOS_DEPLOYMENT_TARGET = 17.0;
				LOCALIZATION_PREFERS_STRING_CATALOGS = YES;
				MTL_ENABLE_DEBUG_INFO = NO;
				MTL_FAST_MATH = YES;
				SDKROOT = iphoneos;
				SWIFT_COMPILATION_MODE = wholemodule;
				VALIDATE_PRODUCT = YES;
			};
			name = Release;
		};
		89912F282AC8ABCA00420E18 /* Debug */ = {
			isa = XCBuildConfiguration;
			buildSettings = {
				ASSETCATALOG_COMPILER_APPICON_NAME = AppIcon;
				ASSETCATALOG_COMPILER_GLOBAL_ACCENT_COLOR_NAME = AccentColor;
				CODE_SIGN_STYLE = Automatic;
				CURRENT_PROJECT_VERSION = 1;
				DEVELOPMENT_ASSET_PATHS = "\"PSN Time Tracker/Preview Content\"";
				DEVELOPMENT_TEAM = 55K6DB47A3;
				ENABLE_PREVIEWS = YES;
				GENERATE_INFOPLIST_FILE = YES;
				INFOPLIST_KEY_UIApplicationSceneManifest_Generation = YES;
				INFOPLIST_KEY_UIApplicationSupportsIndirectInputEvents = YES;
				INFOPLIST_KEY_UILaunchScreen_Generation = YES;
				INFOPLIST_KEY_UISupportedInterfaceOrientations_iPad = "UIInterfaceOrientationPortrait UIInterfaceOrientationPortraitUpsideDown UIInterfaceOrientationLandscapeLeft UIInterfaceOrientationLandscapeRight";
				INFOPLIST_KEY_UISupportedInterfaceOrientations_iPhone = "UIInterfaceOrientationPortrait UIInterfaceOrientationLandscapeLeft UIInterfaceOrientationLandscapeRight";
				LD_RUNPATH_SEARCH_PATHS = (
					"$(inherited)",
					"@executable_path/Frameworks",
				);
				MACOSX_DEPLOYMENT_TARGET = 13.5;
				MARKETING_VERSION = 1.0;
				PRODUCT_BUNDLE_IDENTIFIER = "com.samuel.PSN-Time-Tracker";
				PRODUCT_NAME = "$(TARGET_NAME)";
				SUPPORTED_PLATFORMS = "iphoneos iphonesimulator macosx";
				SUPPORTS_MACCATALYST = NO;
				SUPPORTS_MAC_DESIGNED_FOR_IPHONE_IPAD = NO;
				SWIFT_EMIT_LOC_STRINGS = YES;
				SWIFT_VERSION = 5.0;
				TARGETED_DEVICE_FAMILY = "1,2";
			};
			name = Debug;
		};
		89912F292AC8ABCA00420E18 /* Release */ = {
			isa = XCBuildConfiguration;
			buildSettings = {
				ASSETCATALOG_COMPILER_APPICON_NAME = AppIcon;
				ASSETCATALOG_COMPILER_GLOBAL_ACCENT_COLOR_NAME = AccentColor;
				CODE_SIGN_STYLE = Automatic;
				CURRENT_PROJECT_VERSION = 1;
				DEVELOPMENT_ASSET_PATHS = "\"PSN Time Tracker/Preview Content\"";
				DEVELOPMENT_TEAM = 55K6DB47A3;
				ENABLE_PREVIEWS = YES;
				GENERATE_INFOPLIST_FILE = YES;
				INFOPLIST_KEY_UIApplicationSceneManifest_Generation = YES;
				INFOPLIST_KEY_UIApplicationSupportsIndirectInputEvents = YES;
				INFOPLIST_KEY_UILaunchScreen_Generation = YES;
				INFOPLIST_KEY_UISupportedInterfaceOrientations_iPad = "UIInterfaceOrientationPortrait UIInterfaceOrientationPortraitUpsideDown UIInterfaceOrientationLandscapeLeft UIInterfaceOrientationLandscapeRight";
				INFOPLIST_KEY_UISupportedInterfaceOrientations_iPhone = "UIInterfaceOrientationPortrait UIInterfaceOrientationLandscapeLeft UIInterfaceOrientationLandscapeRight";
				LD_RUNPATH_SEARCH_PATHS = (
					"$(inherited)",
					"@executable_path/Frameworks",
				);
				MACOSX_DEPLOYMENT_TARGET = 13.5;
				MARKETING_VERSION = 1.0;
				PRODUCT_BUNDLE_IDENTIFIER = "com.samuel.PSN-Time-Tracker";
				PRODUCT_NAME = "$(TARGET_NAME)";
				SUPPORTED_PLATFORMS = "iphoneos iphonesimulator macosx";
				SUPPORTS_MACCATALYST = NO;
				SUPPORTS_MAC_DESIGNED_FOR_IPHONE_IPAD = NO;
				SWIFT_EMIT_LOC_STRINGS = YES;
				SWIFT_VERSION = 5.0;
				TARGETED_DEVICE_FAMILY = "1,2";
			};
			name = Release;
		};
/* End XCBuildConfiguration section */

/* Begin XCConfigurationList section */
		89912F142AC8ABC800420E18 /* Build configuration list for PBXProject "PSN Time Tracker" */ = {
			isa = XCConfigurationList;
			buildConfigurations = (
				89912F252AC8ABCA00420E18 /* Debug */,
				89912F262AC8ABCA00420E18 /* Release */,
			);
			defaultConfigurationIsVisible = 0;
			defaultConfigurationName = Release;
		};
		89912F272AC8ABCA00420E18 /* Build configuration list for PBXNativeTarget "PSN Time Tracker" */ = {
			isa = XCConfigurationList;
			buildConfigurations = (
				89912F282AC8ABCA00420E18 /* Debug */,
				89912F292AC8ABCA00420E18 /* Release */,
			);
			defaultConfigurationIsVisible = 0;
			defaultConfigurationName = Release;
		};
/* End XCConfigurationList section */
	};
	rootObject = 89912F112AC8ABC800420E18 /* Project object */;
}
